
Microsoft Visual Studio Solution File, Format Version 12.00
# Visual Studio Version 16
VisualStudioVersion = 16.0.28803.156
MinimumVisualStudioVersion = 10.0.40219.1
Project("{FAE04EC0-301F-11D3-BF4B-00C04F79EFBC}") = "FuckASAC", "FuckASAC\FuckASAC.csproj", "{15227803-496E-4DD4-80A3-6098F694DE17}"
EndProject
Global
	GlobalSection(SolutionConfigurationPlatforms) = preSolution
		Debug|Any CPU = Debug|Any CPU
		Release|Any CPU = Release|Any CPU
	EndGlobalSection
	GlobalSection(ProjectConfigurationPlatforms) = postSolution
		{15227803-496E-4DD4-80A3-6098F694DE17}.Debug|Any CPU.ActiveCfg = Debug|Any CPU
		{15227803-496E-4DD4-80A3-6098F694DE17}.Debug|Any CPU.Build.0 = Debug|Any CPU
		{15227803-496E-4DD4-80A3-6098F694DE17}.Release|Any CPU.ActiveCfg = Release|Any CPU
		{15227803-496E-4DD4-80A3-6098F694DE17}.Release|Any CPU.Build.0 = Release|Any CPU
	EndGlobalSection
	GlobalSection(SolutionProperties) = preSolution
		HideSolutionNode = FALSE
	EndGlobalSection
	GlobalSection(ExtensibilityGlobals) = postSolution
		SolutionGuid = {5AE21767-7C19-43C7-A4AB-3A76E883E6F1}
	EndGlobalSection
EndGlobal
